
Microsoft Visual Studio Solution File, Format Version 12.00
# Visual Studio Version 16
VisualStudioVersion = 16.0.29306.81
MinimumVisualStudioVersion = 10.0.40219.1
Project("{8BC9CEB8-8B4A-11D0-8D11-00A0C91BC942}") = "CharacterCount", "CharacterCount.vcxproj", "{EB862072-D519-4A14-9A1D-5E066207182A}"
EndProject
Project("{8BC9CEB8-8B4A-11D0-8D11-00A0C91BC942}") = "test", "test.vcxproj", "{EA85EDE0-8479-45F2-81E3-D930F5939A89}"
EndProject
Global
	GlobalSection(SolutionConfigurationPlatforms) = preSolution
		Debug|x64 = Debug|x64
		Debug|x86 = Debug|x86
		Release|x64 = Release|x64
		Release|x86 = Release|x86
	EndGlobalSection
	GlobalSection(ProjectConfigurationPlatforms) = postSolution
		{EB862072-D519-4A14-9A1D-5E066207182A}.Debug|x64.ActiveCfg = Debug|x64
		{EB862072-D519-4A14-9A1D-5E066207182A}.Debug|x64.Build.0 = Debug|x64
		{EB862072-D519-4A14-9A1D-5E066207182A}.Debug|x86.ActiveCfg = Debug|Win32
		{EB862072-D519-4A14-9A1D-5E066207182A}.Debug|x86.Build.0 = Debug|Win32
		{EB862072-D519-4A14-9A1D-5E066207182A}.Release|x64.ActiveCfg = Release|x64
		{EB862072-D519-4A14-9A1D-5E066207182A}.Release|x64.Build.0 = Release|x64
		{EB862072-D519-4A14-9A1D-5E066207182A}.Release|x86.ActiveCfg = Release|Win32
		{EB862072-D519-4A14-9A1D-5E066207182A}.Release|x86.Build.0 = Release|Win32
		{EA85EDE0-8479-45F2-81E3-D930F5939A89}.Debug|x64.ActiveCfg = Debug|x64
		{EA85EDE0-8479-45F2-81E3-D930F5939A89}.Debug|x64.Build.0 = Debug|x64
		{EA85EDE0-8479-45F2-81E3-D930F5939A89}.Debug|x86.ActiveCfg = Debug|Win32
		{EA85EDE0-8479-45F2-81E3-D930F5939A89}.Debug|x86.Build.0 = Debug|Win32
		{EA85EDE0-8479-45F2-81E3-D930F5939A89}.Release|x64.ActiveCfg = Debug|x64
		{EA85EDE0-8479-45F2-81E3-D930F5939A89}.Release|x64.Build.0 = Debug|x64
		{EA85EDE0-8479-45F2-81E3-D930F5939A89}.Release|x86.ActiveCfg = Debug|Win32
		{EA85EDE0-8479-45F2-81E3-D930F5939A89}.Release|x86.Build.0 = Debug|Win32
	EndGlobalSection
	GlobalSection(SolutionProperties) = preSolution
		HideSolutionNode = FALSE
	EndGlobalSection
	GlobalSection(ExtensibilityGlobals) = postSolution
		SolutionGuid = {DA97B3FC-5F06-4574-AA07-04385BF9DA83}
	EndGlobalSection
EndGlobal
